
Microsoft Visual Studio Solution File, Format Version 12.00
# Visual Studio Version 16
VisualStudioVersion = 16.0.31624.102
MinimumVisualStudioVersion = 10.0.40219.1
Project("{FAE04EC0-301F-11D3-BF4B-00C04F79EFBC}") = "LR2", "LR2\LR2.csproj", "{F738F21E-036D-4FC1-92D1-4DB686882F1A}"
EndProject
Global
	GlobalSection(SolutionConfigurationPlatforms) = preSolution
		Debug|Any CPU = Debug|Any CPU
		Release|Any CPU = Release|Any CPU
	EndGlobalSection
	GlobalSection(ProjectConfigurationPlatforms) = postSolution
		{F738F21E-036D-4FC1-92D1-4DB686882F1A}.Debug|Any CPU.ActiveCfg = Debug|Any CPU
		{F738F21E-036D-4FC1-92D1-4DB686882F1A}.Debug|Any CPU.Build.0 = Debug|Any CPU
		{F738F21E-036D-4FC1-92D1-4DB686882F1A}.Release|Any CPU.ActiveCfg = Release|Any CPU
		{F738F21E-036D-4FC1-92D1-4DB686882F1A}.Release|Any CPU.Build.0 = Release|Any CPU
	EndGlobalSection
	GlobalSection(SolutionProperties) = preSolution
		HideSolutionNode = FALSE
	EndGlobalSection
	GlobalSection(ExtensibilityGlobals) = postSolution
		SolutionGuid = {3F4BEA3C-43EF-448E-84E6-0AA652607A24}
	EndGlobalSection
EndGlobal
